
Microsoft Visual Studio Solution File, Format Version 12.00
# Visual Studio Version 16
VisualStudioVersion = 16.0.30204.135
MinimumVisualStudioVersion = 10.0.40219.1
Project("{FAE04EC0-301F-11D3-BF4B-00C04F79EFBC}") = "ConsoleAppSAPRFC", "ConsoleAppSAPRFC\ConsoleAppSAPRFC.csproj", "{71791054-8FA9-4D31-BFFE-4F8B4D1EDB3C}"
EndProject
Global
	GlobalSection(SolutionConfigurationPlatforms) = preSolution
		Debug|Any CPU = Debug|Any CPU
		Release|Any CPU = Release|Any CPU
	EndGlobalSection
	GlobalSection(ProjectConfigurationPlatforms) = postSolution
		{71791054-8FA9-4D31-BFFE-4F8B4D1EDB3C}.Debug|Any CPU.ActiveCfg = Debug|Any CPU
		{71791054-8FA9-4D31-BFFE-4F8B4D1EDB3C}.Debug|Any CPU.Build.0 = Debug|Any CPU
		{71791054-8FA9-4D31-BFFE-4F8B4D1EDB3C}.Release|Any CPU.ActiveCfg = Release|Any CPU
		{71791054-8FA9-4D31-BFFE-4F8B4D1EDB3C}.Release|Any CPU.Build.0 = Release|Any CPU
	EndGlobalSection
	GlobalSection(SolutionProperties) = preSolution
		HideSolutionNode = FALSE
	EndGlobalSection
	GlobalSection(ExtensibilityGlobals) = postSolution
		SolutionGuid = {D8A8EDCA-E74C-47C9-8DD2-412B22A03207}
	EndGlobalSection
EndGlobal
